// !$*UTF8*$!
{
	archiveVersion = 1;
	classes = {
	};
	objectVersion = 46;
	objects = {

/* Begin PBXBuildFile section */
		80EC449D1C4314EE00BADFB1 /* SQLiteCipher.h in Headers */ = {isa = PBXBuildFile; fileRef = 80EC449C1C4314EE00BADFB1 /* SQLiteCipher.h */; settings = {ATTRIBUTES = (Public, ); }; };
		80EC44A41C4314EE00BADFB1 /* SQLiteCipher.framework in Frameworks */ = {isa = PBXBuildFile; fileRef = 80EC44991C4314EE00BADFB1 /* SQLiteCipher.framework */; };
		80EC44A91C4314EE00BADFB1 /* SQLiteCipherTests.swift in Sources */ = {isa = PBXBuildFile; fileRef = 80EC44A81C4314EE00BADFB1 /* SQLiteCipherTests.swift */; };
		80EC45611C4316CD00BADFB1 /* Cipher.swift in Sources */ = {isa = PBXBuildFile; fileRef = 80EC45601C4316CD00BADFB1 /* Cipher.swift */; };
		80EC45691C43197700BADFB1 /* libsqlcipher.a in Frameworks */ = {isa = PBXBuildFile; fileRef = 80EC44D51C4315A900BADFB1 /* libsqlcipher.a */; };
		A509D5FC1CA41AB3002833FE /* sqlite3.h in Headers */ = {isa = PBXBuildFile; fileRef = A509D5E11CA41AB3002833FE /* sqlite3.h */; settings = {ATTRIBUTES = (Public, ); }; };
		A509D5FD1CA41AB3002833FE /* SQLite.h in Headers */ = {isa = PBXBuildFile; fileRef = A509D5E21CA41AB3002833FE /* SQLite.h */; settings = {ATTRIBUTES = (Public, ); }; };
		A509D5FE1CA41AB3002833FE /* Foundation.swift in Sources */ = {isa = PBXBuildFile; fileRef = A509D5E31CA41AB3002833FE /* Foundation.swift */; };
		A509D5FF1CA41AB3002833FE /* Helpers.swift in Sources */ = {isa = PBXBuildFile; fileRef = A509D5E41CA41AB3002833FE /* Helpers.swift */; };
		A509D6001CA41AB3002833FE /* Info.plist in Resources */ = {isa = PBXBuildFile; fileRef = A509D5E51CA41AB3002833FE /* Info.plist */; };
		A509D6011CA41AB3002833FE /* SQLite-Bridging.h in Headers */ = {isa = PBXBuildFile; fileRef = A509D5E61CA41AB3002833FE /* SQLite-Bridging.h */; settings = {ATTRIBUTES = (Public, ); }; };
		A509D6021CA41AB3002833FE /* Blob.swift in Sources */ = {isa = PBXBuildFile; fileRef = A509D5E71CA41AB3002833FE /* Blob.swift */; };
		A509D6031CA41AB3002833FE /* Connection.swift in Sources */ = {isa = PBXBuildFile; fileRef = A509D5E81CA41AB3002833FE /* Connection.swift */; };
		A509D6041CA41AB3002833FE /* fts3_tokenizer.h in Headers */ = {isa = PBXBuildFile; fileRef = A509D5E91CA41AB3002833FE /* fts3_tokenizer.h */; settings = {ATTRIBUTES = (Public, ); }; };
		A509D6051CA41AB3002833FE /* SQLite-Bridging.m in Sources */ = {isa = PBXBuildFile; fileRef = A509D5EA1CA41AB3002833FE /* SQLite-Bridging.m */; };
		A509D6061CA41AB3002833FE /* Statement.swift in Sources */ = {isa = PBXBuildFile; fileRef = A509D5EB1CA41AB3002833FE /* Statement.swift */; };
		A509D6071CA41AB3002833FE /* Value.swift in Sources */ = {isa = PBXBuildFile; fileRef = A509D5EC1CA41AB3002833FE /* Value.swift */; };
		A509D6081CA41AB3002833FE /* FTS4.swift in Sources */ = {isa = PBXBuildFile; fileRef = A509D5EE1CA41AB3002833FE /* FTS4.swift */; };
		A509D6091CA41AB3002833FE /* R*Tree.swift in Sources */ = {isa = PBXBuildFile; fileRef = A509D5EF1CA41AB3002833FE /* R*Tree.swift */; };
		A509D60A1CA41AB3002833FE /* AggregateFunctions.swift in Sources */ = {isa = PBXBuildFile; fileRef = A509D5F11CA41AB3002833FE /* AggregateFunctions.swift */; };
		A509D60B1CA41AB3002833FE /* Collation.swift in Sources */ = {isa = PBXBuildFile; fileRef = A509D5F21CA41AB3002833FE /* Collation.swift */; };
		A509D60C1CA41AB3002833FE /* CoreFunctions.swift in Sources */ = {isa = PBXBuildFile; fileRef = A509D5F31CA41AB3002833FE /* CoreFunctions.swift */; };
		A509D60D1CA41AB3002833FE /* CustomFunctions.swift in Sources */ = {isa = PBXBuildFile; fileRef = A509D5F41CA41AB3002833FE /* CustomFunctions.swift */; };
		A509D60E1CA41AB3002833FE /* Expression.swift in Sources */ = {isa = PBXBuildFile; fileRef = A509D5F51CA41AB3002833FE /* Expression.swift */; };
		A509D60F1CA41AB3002833FE /* Operators.swift in Sources */ = {isa = PBXBuildFile; fileRef = A509D5F61CA41AB3002833FE /* Operators.swift */; };
		A509D6101CA41AB3002833FE /* Query.swift in Sources */ = {isa = PBXBuildFile; fileRef = A509D5F71CA41AB3002833FE /* Query.swift */; };
		A509D6111CA41AB3002833FE /* Schema.swift in Sources */ = {isa = PBXBuildFile; fileRef = A509D5F81CA41AB3002833FE /* Schema.swift */; };
		A509D6121CA41AB3002833FE /* Setter.swift in Sources */ = {isa = PBXBuildFile; fileRef = A509D5F91CA41AB3002833FE /* Setter.swift */; };
/* End PBXBuildFile section */

/* Begin PBXContainerItemProxy section */
		80EC44A51C4314EE00BADFB1 /* PBXContainerItemProxy */ = {
			isa = PBXContainerItemProxy;
			containerPortal = 80EC44901C4314EE00BADFB1 /* Project object */;
			proxyType = 1;
			remoteGlobalIDString = 80EC44981C4314EE00BADFB1;
			remoteInfo = SQLiteCipher;
		};
		80EC44D41C4315A900BADFB1 /* PBXContainerItemProxy */ = {
			isa = PBXContainerItemProxy;
			containerPortal = 80EC44CF1C4315A900BADFB1 /* sqlcipher.xcodeproj */;
			proxyType = 2;
			remoteGlobalIDString = D2AAC046055464E500DB518D;
			remoteInfo = sqlcipher;
		};
		80EC45671C43196A00BADFB1 /* PBXContainerItemProxy */ = {
			isa = PBXContainerItemProxy;
			containerPortal = 80EC44CF1C4315A900BADFB1 /* sqlcipher.xcodeproj */;
			proxyType = 1;
			remoteGlobalIDString = D2AAC045055464E500DB518D;
			remoteInfo = sqlcipher;
		};
		A509D5D51CA41A9E002833FE /* PBXContainerItemProxy */ = {
			isa = PBXContainerItemProxy;
			containerPortal = A509D5CC1CA41A9E002833FE /* SQLite.xcodeproj */;
			proxyType = 2;
			remoteGlobalIDString = EE247AD31C3F04ED00AE3E12;
			remoteInfo = "SQLite iOS";
		};
		A509D5D71CA41A9E002833FE /* PBXContainerItemProxy */ = {
			isa = PBXContainerItemProxy;
			containerPortal = A509D5CC1CA41A9E002833FE /* SQLite.xcodeproj */;
			proxyType = 2;
			remoteGlobalIDString = EE247ADD1C3F04ED00AE3E12;
			remoteInfo = "SQLiteTests iOS";
		};
		A509D5D91CA41A9E002833FE /* PBXContainerItemProxy */ = {
			isa = PBXContainerItemProxy;
			containerPortal = A509D5CC1CA41A9E002833FE /* SQLite.xcodeproj */;
			proxyType = 2;
			remoteGlobalIDString = EE247B3C1C3F3ED000AE3E12;
			remoteInfo = "SQLite Mac";
		};
		A509D5DB1CA41A9E002833FE /* PBXContainerItemProxy */ = {
			isa = PBXContainerItemProxy;
			containerPortal = A509D5CC1CA41A9E002833FE /* SQLite.xcodeproj */;
			proxyType = 2;
			remoteGlobalIDString = EE247B451C3F3ED000AE3E12;
			remoteInfo = "SQLiteTests Mac";
		};
		A509D5DD1CA41A9E002833FE /* PBXContainerItemProxy */ = {
			isa = PBXContainerItemProxy;
			containerPortal = A509D5CC1CA41A9E002833FE /* SQLite.xcodeproj */;
			proxyType = 2;
			remoteGlobalIDString = 03A65E5A1C6BB0F50062603F;
			remoteInfo = "SQLite tvOS";
		};
		A509D5DF1CA41A9E002833FE /* PBXContainerItemProxy */ = {
			isa = PBXContainerItemProxy;
			containerPortal = A509D5CC1CA41A9E002833FE /* SQLite.xcodeproj */;
			proxyType = 2;
			remoteGlobalIDString = 03A65E631C6BB0F60062603F;
			remoteInfo = "SQLiteTests tvOS";
		};
/* End PBXContainerItemProxy section */

/* Begin PBXFileReference section */
		80EC44991C4314EE00BADFB1 /* SQLiteCipher.framework */ = {isa = PBXFileReference; explicitFileType = wrapper.framework; includeInIndex = 0; path = SQLiteCipher.framework; sourceTree = BUILT_PRODUCTS_DIR; };
		80EC449C1C4314EE00BADFB1 /* SQLiteCipher.h */ = {isa = PBXFileReference; lastKnownFileType = sourcecode.c.h; path = SQLiteCipher.h; sourceTree = "<group>"; };
		80EC449E1C4314EE00BADFB1 /* Info.plist */ = {isa = PBXFileReference; lastKnownFileType = text.plist.xml; path = Info.plist; sourceTree = "<group>"; };
		80EC44A31C4314EE00BADFB1 /* SQLiteCipherTests.xctest */ = {isa = PBXFileReference; explicitFileType = wrapper.cfbundle; includeInIndex = 0; path = SQLiteCipherTests.xctest; sourceTree = BUILT_PRODUCTS_DIR; };
		80EC44A81C4314EE00BADFB1 /* SQLiteCipherTests.swift */ = {isa = PBXFileReference; lastKnownFileType = sourcecode.swift; path = SQLiteCipherTests.swift; sourceTree = "<group>"; };
		80EC44AA1C4314EE00BADFB1 /* Info.plist */ = {isa = PBXFileReference; lastKnownFileType = text.plist.xml; path = Info.plist; sourceTree = "<group>"; };
		80EC44CF1C4315A900BADFB1 /* sqlcipher.xcodeproj */ = {isa = PBXFileReference; lastKnownFileType = "wrapper.pb-project"; name = sqlcipher.xcodeproj; path = Vendor/sqlcipher/sqlcipher.xcodeproj; sourceTree = "<group>"; };
		80EC45601C4316CD00BADFB1 /* Cipher.swift */ = {isa = PBXFileReference; fileEncoding = 4; lastKnownFileType = sourcecode.swift; path = Cipher.swift; sourceTree = "<group>"; };
		A509D5CC1CA41A9E002833FE /* SQLite.xcodeproj */ = {isa = PBXFileReference; lastKnownFileType = "wrapper.pb-project"; name = SQLite.xcodeproj; path = Vendor/SQLite.swift/SQLite.xcodeproj; sourceTree = "<group>"; };
		A509D5E11CA41AB3002833FE /* sqlite3.h */ = {isa = PBXFileReference; fileEncoding = 4; lastKnownFileType = sourcecode.c.h; name = sqlite3.h; path = /Applications/Xcode.app/Contents/Developer/Platforms/iPhoneOS.platform/Developer/SDKs/iPhoneOS9.3.sdk/usr/include/sqlite3.h; sourceTree = "<absolute>"; };
		A509D5E21CA41AB3002833FE /* SQLite.h */ = {isa = PBXFileReference; fileEncoding = 4; lastKnownFileType = sourcecode.c.h; path = SQLite.h; sourceTree = "<group>"; };
		A509D5E31CA41AB3002833FE /* Foundation.swift */ = {isa = PBXFileReference; fileEncoding = 4; lastKnownFileType = sourcecode.swift; path = Foundation.swift; sourceTree = "<group>"; };
		A509D5E41CA41AB3002833FE /* Helpers.swift */ = {isa = PBXFileReference; fileEncoding = 4; lastKnownFileType = sourcecode.swift; path = Helpers.swift; sourceTree = "<group>"; };
		A509D5E51CA41AB3002833FE /* Info.plist */ = {isa = PBXFileReference; fileEncoding = 4; lastKnownFileType = text.plist.xml; path = Info.plist; sourceTree = "<group>"; };
		A509D5E61CA41AB3002833FE /* SQLite-Bridging.h */ = {isa = PBXFileReference; fileEncoding = 4; lastKnownFileType = sourcecode.c.h; path = "SQLite-Bridging.h"; sourceTree = "<group>"; };
		A509D5E71CA41AB3002833FE /* Blob.swift */ = {isa = PBXFileReference; fileEncoding = 4; lastKnownFileType = sourcecode.swift; path = Blob.swift; sourceTree = "<group>"; };
		A509D5E81CA41AB3002833FE /* Connection.swift */ = {isa = PBXFileReference; fileEncoding = 4; lastKnownFileType = sourcecode.swift; path = Connection.swift; sourceTree = "<group>"; };
		A509D5E91CA41AB3002833FE /* fts3_tokenizer.h */ = {isa = PBXFileReference; fileEncoding = 4; lastKnownFileType = sourcecode.c.h; path = fts3_tokenizer.h; sourceTree = "<group>"; };
		A509D5EA1CA41AB3002833FE /* SQLite-Bridging.m */ = {isa = PBXFileReference; fileEncoding = 4; lastKnownFileType = sourcecode.c.objc; path = "SQLite-Bridging.m"; sourceTree = "<group>"; };
		A509D5EB1CA41AB3002833FE /* Statement.swift */ = {isa = PBXFileReference; fileEncoding = 4; lastKnownFileType = sourcecode.swift; path = Statement.swift; sourceTree = "<group>"; };
		A509D5EC1CA41AB3002833FE /* Value.swift */ = {isa = PBXFileReference; fileEncoding = 4; lastKnownFileType = sourcecode.swift; path = Value.swift; sourceTree = "<group>"; };
		A509D5EE1CA41AB3002833FE /* FTS4.swift */ = {isa = PBXFileReference; fileEncoding = 4; lastKnownFileType = sourcecode.swift; path = FTS4.swift; sourceTree = "<group>"; };
		A509D5EF1CA41AB3002833FE /* R*Tree.swift */ = {isa = PBXFileReference; fileEncoding = 4; lastKnownFileType = sourcecode.swift; path = "R*Tree.swift"; sourceTree = "<group>"; };
		A509D5F11CA41AB3002833FE /* AggregateFunctions.swift */ = {isa = PBXFileReference; fileEncoding = 4; lastKnownFileType = sourcecode.swift; path = AggregateFunctions.swift; sourceTree = "<group>"; };
		A509D5F21CA41AB3002833FE /* Collation.swift */ = {isa = PBXFileReference; fileEncoding = 4; lastKnownFileType = sourcecode.swift; path = Collation.swift; sourceTree = "<group>"; };
		A509D5F31CA41AB3002833FE /* CoreFunctions.swift */ = {isa = PBXFileReference; fileEncoding = 4; lastKnownFileType = sourcecode.swift; path = CoreFunctions.swift; sourceTree = "<group>"; };
		A509D5F41CA41AB3002833FE /* CustomFunctions.swift */ = {isa = PBXFileReference; fileEncoding = 4; lastKnownFileType = sourcecode.swift; path = CustomFunctions.swift; sourceTree = "<group>"; };
		A509D5F51CA41AB3002833FE /* Expression.swift */ = {isa = PBXFileReference; fileEncoding = 4; lastKnownFileType = sourcecode.swift; path = Expression.swift; sourceTree = "<group>"; };
		A509D5F61CA41AB3002833FE /* Operators.swift */ = {isa = PBXFileReference; fileEncoding = 4; lastKnownFileType = sourcecode.swift; path = Operators.swift; sourceTree = "<group>"; };
		A509D5F71CA41AB3002833FE /* Query.swift */ = {isa = PBXFileReference; fileEncoding = 4; lastKnownFileType = sourcecode.swift; path = Query.swift; sourceTree = "<group>"; };
		A509D5F81CA41AB3002833FE /* Schema.swift */ = {isa = PBXFileReference; fileEncoding = 4; lastKnownFileType = sourcecode.swift; path = Schema.swift; sourceTree = "<group>"; };
		A509D5F91CA41AB3002833FE /* Setter.swift */ = {isa = PBXFileReference; fileEncoding = 4; lastKnownFileType = sourcecode.swift; path = Setter.swift; sourceTree = "<group>"; };
/* End PBXFileReference section */

/* Begin PBXFrameworksBuildPhase section */
		80EC44951C4314EE00BADFB1 /* Frameworks */ = {
			isa = PBXFrameworksBuildPhase;
			buildActionMask = 2147483647;
			files = (
				80EC45691C43197700BADFB1 /* libsqlcipher.a in Frameworks */,
			);
			runOnlyForDeploymentPostprocessing = 0;
		};
		80EC44A01C4314EE00BADFB1 /* Frameworks */ = {
			isa = PBXFrameworksBuildPhase;
			buildActionMask = 2147483647;
			files = (
				80EC44A41C4314EE00BADFB1 /* SQLiteCipher.framework in Frameworks */,
			);
			runOnlyForDeploymentPostprocessing = 0;
		};
/* End PBXFrameworksBuildPhase section */

/* Begin PBXGroup section */
		80EC448F1C4314EE00BADFB1 = {
			isa = PBXGroup;
			children = (
				80EC449B1C4314EE00BADFB1 /* SQLiteCipher */,
				80EC44A71C4314EE00BADFB1 /* SQLiteCipherTests */,
				80EC449A1C4314EE00BADFB1 /* Products */,
				A509D5CC1CA41A9E002833FE /* SQLite.xcodeproj */,
				80EC44CF1C4315A900BADFB1 /* sqlcipher.xcodeproj */,
			);
			sourceTree = "<group>";
		};
		80EC449A1C4314EE00BADFB1 /* Products */ = {
			isa = PBXGroup;
			children = (
				80EC44991C4314EE00BADFB1 /* SQLiteCipher.framework */,
				80EC44A31C4314EE00BADFB1 /* SQLiteCipherTests.xctest */,
			);
			name = Products;
			sourceTree = "<group>";
		};
		80EC449B1C4314EE00BADFB1 /* SQLiteCipher */ = {
			isa = PBXGroup;
			children = (
				80EC449C1C4314EE00BADFB1 /* SQLiteCipher.h */,
				80EC449E1C4314EE00BADFB1 /* Info.plist */,
				80EC45601C4316CD00BADFB1 /* Cipher.swift */,
				A509D5FB1CA41AB3002833FE /* SQLite */,
			);
			path = SQLiteCipher;
			sourceTree = "<group>";
		};
		80EC44A71C4314EE00BADFB1 /* SQLiteCipherTests */ = {
			isa = PBXGroup;
			children = (
				80EC44A81C4314EE00BADFB1 /* SQLiteCipherTests.swift */,
				80EC44AA1C4314EE00BADFB1 /* Info.plist */,
			);
			path = SQLiteCipherTests;
			sourceTree = "<group>";
		};
		80EC44D01C4315A900BADFB1 /* Products */ = {
			isa = PBXGroup;
			children = (
				80EC44D51C4315A900BADFB1 /* libsqlcipher.a */,
			);
			name = Products;
			sourceTree = "<group>";
		};
		A509D5CD1CA41A9E002833FE /* Products */ = {
			isa = PBXGroup;
			children = (
				A509D5D61CA41A9E002833FE /* SQLite.framework */,
				A509D5D81CA41A9E002833FE /* SQLiteTests iOS.xctest */,
				A509D5DA1CA41A9E002833FE /* SQLite.framework */,
				A509D5DC1CA41A9E002833FE /* SQLiteTests Mac.xctest */,
				A509D5DE1CA41A9E002833FE /* SQLite.framework */,
				A509D5E01CA41A9E002833FE /* SQLiteTests tvOS.xctest */,
			);
			name = Products;
			sourceTree = "<group>";
		};
		A509D5ED1CA41AB3002833FE /* Core */ = {
			isa = PBXGroup;
			children = (
				A509D5E61CA41AB3002833FE /* SQLite-Bridging.h */,
				A509D5E71CA41AB3002833FE /* Blob.swift */,
				A509D5E81CA41AB3002833FE /* Connection.swift */,
				A509D5E91CA41AB3002833FE /* fts3_tokenizer.h */,
				A509D5EA1CA41AB3002833FE /* SQLite-Bridging.m */,
				A509D5EB1CA41AB3002833FE /* Statement.swift */,
				A509D5EC1CA41AB3002833FE /* Value.swift */,
			);
			path = Core;
			sourceTree = "<group>";
		};
		A509D5F01CA41AB3002833FE /* Extensions */ = {
			isa = PBXGroup;
			children = (
				A509D5EE1CA41AB3002833FE /* FTS4.swift */,
				A509D5EF1CA41AB3002833FE /* R*Tree.swift */,
			);
			path = Extensions;
			sourceTree = "<group>";
		};
		A509D5FA1CA41AB3002833FE /* Typed */ = {
			isa = PBXGroup;
			children = (
				A509D5F11CA41AB3002833FE /* AggregateFunctions.swift */,
				A509D5F21CA41AB3002833FE /* Collation.swift */,
				A509D5F31CA41AB3002833FE /* CoreFunctions.swift */,
				A509D5F41CA41AB3002833FE /* CustomFunctions.swift */,
				A509D5F51CA41AB3002833FE /* Expression.swift */,
				A509D5F61CA41AB3002833FE /* Operators.swift */,
				A509D5F71CA41AB3002833FE /* Query.swift */,
				A509D5F81CA41AB3002833FE /* Schema.swift */,
				A509D5F91CA41AB3002833FE /* Setter.swift */,
			);
			path = Typed;
			sourceTree = "<group>";
		};
		A509D5FB1CA41AB3002833FE /* SQLite */ = {
			isa = PBXGroup;
			children = (
				A509D5E11CA41AB3002833FE /* sqlite3.h */,
				A509D5E21CA41AB3002833FE /* SQLite.h */,
				A509D5E31CA41AB3002833FE /* Foundation.swift */,
				A509D5E41CA41AB3002833FE /* Helpers.swift */,
				A509D5E51CA41AB3002833FE /* Info.plist */,
				A509D5ED1CA41AB3002833FE /* Core */,
				A509D5F01CA41AB3002833FE /* Extensions */,
				A509D5FA1CA41AB3002833FE /* Typed */,
			);
			name = SQLite;
			path = ../Vendor/SQLite.swift/SQLite;
			sourceTree = "<group>";
		};
/* End PBXGroup section */

/* Begin PBXHeadersBuildPhase section */
		80EC44961C4314EE00BADFB1 /* Headers */ = {
			isa = PBXHeadersBuildPhase;
			buildActionMask = 2147483647;
			files = (
				A509D6041CA41AB3002833FE /* fts3_tokenizer.h in Headers */,
				A509D6011CA41AB3002833FE /* SQLite-Bridging.h in Headers */,
				A509D5FC1CA41AB3002833FE /* sqlite3.h in Headers */,
				A509D5FD1CA41AB3002833FE /* SQLite.h in Headers */,
				80EC449D1C4314EE00BADFB1 /* SQLiteCipher.h in Headers */,
			);
			runOnlyForDeploymentPostprocessing = 0;
		};
/* End PBXHeadersBuildPhase section */

/* Begin PBXNativeTarget section */
		80EC44981C4314EE00BADFB1 /* SQLiteCipher iOS */ = {
			isa = PBXNativeTarget;
			buildConfigurationList = 80EC44AD1C4314EE00BADFB1 /* Build configuration list for PBXNativeTarget "SQLiteCipher iOS" */;
			buildPhases = (
				80EC44941C4314EE00BADFB1 /* Sources */,
				80EC44951C4314EE00BADFB1 /* Frameworks */,
				80EC44961C4314EE00BADFB1 /* Headers */,
				80EC44971C4314EE00BADFB1 /* Resources */,
			);
			buildRules = (
			);
			dependencies = (
				80EC45681C43196A00BADFB1 /* PBXTargetDependency */,
			);
			name = "SQLiteCipher iOS";
			productName = SQLiteCipher;
			productReference = 80EC44991C4314EE00BADFB1 /* SQLiteCipher.framework */;
			productType = "com.apple.product-type.framework";
		};
		80EC44A21C4314EE00BADFB1 /* SQLiteCipherTests */ = {
			isa = PBXNativeTarget;
			buildConfigurationList = 80EC44B01C4314EE00BADFB1 /* Build configuration list for PBXNativeTarget "SQLiteCipherTests" */;
			buildPhases = (
				80EC449F1C4314EE00BADFB1 /* Sources */,
				80EC44A01C4314EE00BADFB1 /* Frameworks */,
				80EC44A11C4314EE00BADFB1 /* Resources */,
			);
			buildRules = (
			);
			dependencies = (
				80EC44A61C4314EE00BADFB1 /* PBXTargetDependency */,
			);
			name = SQLiteCipherTests;
			productName = SQLiteCipherTests;
			productReference = 80EC44A31C4314EE00BADFB1 /* SQLiteCipherTests.xctest */;
			productType = "com.apple.product-type.bundle.unit-test";
		};
/* End PBXNativeTarget section */

/* Begin PBXProject section */
		80EC44901C4314EE00BADFB1 /* Project object */ = {
			isa = PBXProject;
			attributes = {
				LastSwiftUpdateCheck = 0720;
				LastUpgradeCheck = 0720;
				ORGANIZATIONNAME = "Stephen Celis";
				TargetAttributes = {
					80EC44981C4314EE00BADFB1 = {
						CreatedOnToolsVersion = 7.2;
					};
					80EC44A21C4314EE00BADFB1 = {
						CreatedOnToolsVersion = 7.2;
					};
				};
			};
			buildConfigurationList = 80EC44931C4314EE00BADFB1 /* Build configuration list for PBXProject "SQLiteCipher" */;
			compatibilityVersion = "Xcode 3.2";
			developmentRegion = English;
			hasScannedForEncodings = 0;
			knownRegions = (
				en,
			);
			mainGroup = 80EC448F1C4314EE00BADFB1;
			productRefGroup = 80EC449A1C4314EE00BADFB1 /* Products */;
			projectDirPath = "";
			projectReferences = (
				{
					ProductGroup = 80EC44D01C4315A900BADFB1 /* Products */;
					ProjectRef = 80EC44CF1C4315A900BADFB1 /* sqlcipher.xcodeproj */;
				},
				{
					ProductGroup = A509D5CD1CA41A9E002833FE /* Products */;
					ProjectRef = A509D5CC1CA41A9E002833FE /* SQLite.xcodeproj */;
				},
			);
			projectRoot = "";
			targets = (
				80EC44981C4314EE00BADFB1 /* SQLiteCipher iOS */,
				80EC44A21C4314EE00BADFB1 /* SQLiteCipherTests */,
			);
		};
/* End PBXProject section */

/* Begin PBXReferenceProxy section */
		80EC44D51C4315A900BADFB1 /* libsqlcipher.a */ = {
			isa = PBXReferenceProxy;
			fileType = archive.ar;
			path = libsqlcipher.a;
			remoteRef = 80EC44D41C4315A900BADFB1 /* PBXContainerItemProxy */;
			sourceTree = BUILT_PRODUCTS_DIR;
		};
		A509D5D61CA41A9E002833FE /* SQLite.framework */ = {
			isa = PBXReferenceProxy;
			fileType = wrapper.framework;
			path = SQLite.framework;
			remoteRef = A509D5D51CA41A9E002833FE /* PBXContainerItemProxy */;
			sourceTree = BUILT_PRODUCTS_DIR;
		};
		A509D5D81CA41A9E002833FE /* SQLiteTests iOS.xctest */ = {
			isa = PBXReferenceProxy;
			fileType = wrapper.cfbundle;
			path = "SQLiteTests iOS.xctest";
			remoteRef = A509D5D71CA41A9E002833FE /* PBXContainerItemProxy */;
			sourceTree = BUILT_PRODUCTS_DIR;
		};
		A509D5DA1CA41A9E002833FE /* SQLite.framework */ = {
			isa = PBXReferenceProxy;
			fileType = wrapper.framework;
			path = SQLite.framework;
			remoteRef = A509D5D91CA41A9E002833FE /* PBXContainerItemProxy */;
			sourceTree = BUILT_PRODUCTS_DIR;
		};
		A509D5DC1CA41A9E002833FE /* SQLiteTests Mac.xctest */ = {
			isa = PBXReferenceProxy;
			fileType = wrapper.cfbundle;
			path = "SQLiteTests Mac.xctest";
			remoteRef = A509D5DB1CA41A9E002833FE /* PBXContainerItemProxy */;
			sourceTree = BUILT_PRODUCTS_DIR;
		};
		A509D5DE1CA41A9E002833FE /* SQLite.framework */ = {
			isa = PBXReferenceProxy;
			fileType = wrapper.framework;
			path = SQLite.framework;
			remoteRef = A509D5DD1CA41A9E002833FE /* PBXContainerItemProxy */;
			sourceTree = BUILT_PRODUCTS_DIR;
		};
		A509D5E01CA41A9E002833FE /* SQLiteTests tvOS.xctest */ = {
			isa = PBXReferenceProxy;
			fileType = wrapper.cfbundle;
			path = "SQLiteTests tvOS.xctest";
			remoteRef = A509D5DF1CA41A9E002833FE /* PBXContainerItemProxy */;
			sourceTree = BUILT_PRODUCTS_DIR;
		};
/* End PBXReferenceProxy section */

/* Begin PBXResourcesBuildPhase section */
		80EC44971C4314EE00BADFB1 /* Resources */ = {
			isa = PBXResourcesBuildPhase;
			buildActionMask = 2147483647;
			files = (
				A509D6001CA41AB3002833FE /* Info.plist in Resources */,
			);
			runOnlyForDeploymentPostprocessing = 0;
		};
		80EC44A11C4314EE00BADFB1 /* Resources */ = {
			isa = PBXResourcesBuildPhase;
			buildActionMask = 2147483647;
			files = (
			);
			runOnlyForDeploymentPostprocessing = 0;
		};
/* End PBXResourcesBuildPhase section */

/* Begin PBXSourcesBuildPhase section */
		80EC44941C4314EE00BADFB1 /* Sources */ = {
			isa = PBXSourcesBuildPhase;
			buildActionMask = 2147483647;
			files = (
				A509D6111CA41AB3002833FE /* Schema.swift in Sources */,
				A509D6061CA41AB3002833FE /* Statement.swift in Sources */,
				A509D6021CA41AB3002833FE /* Blob.swift in Sources */,
				A509D6121CA41AB3002833FE /* Setter.swift in Sources */,
				A509D5FE1CA41AB3002833FE /* Foundation.swift in Sources */,
				A509D6071CA41AB3002833FE /* Value.swift in Sources */,
				A509D6031CA41AB3002833FE /* Connection.swift in Sources */,
				A509D5FF1CA41AB3002833FE /* Helpers.swift in Sources */,
				80EC45611C4316CD00BADFB1 /* Cipher.swift in Sources */,
				A509D60C1CA41AB3002833FE /* CoreFunctions.swift in Sources */,
				A509D60B1CA41AB3002833FE /* Collation.swift in Sources */,
				A509D60F1CA41AB3002833FE /* Operators.swift in Sources */,
				A509D60A1CA41AB3002833FE /* AggregateFunctions.swift in Sources */,
				A509D6091CA41AB3002833FE /* R*Tree.swift in Sources */,
				A509D6051CA41AB3002833FE /* SQLite-Bridging.m in Sources */,
				A509D60D1CA41AB3002833FE /* CustomFunctions.swift in Sources */,
				A509D6081CA41AB3002833FE /* FTS4.swift in Sources */,
				A509D6101CA41AB3002833FE /* Query.swift in Sources */,
				A509D60E1CA41AB3002833FE /* Expression.swift in Sources */,
			);
			runOnlyForDeploymentPostprocessing = 0;
		};
		80EC449F1C4314EE00BADFB1 /* Sources */ = {
			isa = PBXSourcesBuildPhase;
			buildActionMask = 2147483647;
			files = (
				80EC44A91C4314EE00BADFB1 /* SQLiteCipherTests.swift in Sources */,
			);
			runOnlyForDeploymentPostprocessing = 0;
		};
/* End PBXSourcesBuildPhase section */

/* Begin PBXTargetDependency section */
		80EC44A61C4314EE00BADFB1 /* PBXTargetDependency */ = {
			isa = PBXTargetDependency;
			target = 80EC44981C4314EE00BADFB1 /* SQLiteCipher iOS */;
			targetProxy = 80EC44A51C4314EE00BADFB1 /* PBXContainerItemProxy */;
		};
		80EC45681C43196A00BADFB1 /* PBXTargetDependency */ = {
			isa = PBXTargetDependency;
			name = sqlcipher;
			targetProxy = 80EC45671C43196A00BADFB1 /* PBXContainerItemProxy */;
		};
/* End PBXTargetDependency section */

/* Begin XCBuildConfiguration section */
		80EC44AB1C4314EE00BADFB1 /* Debug */ = {
			isa = XCBuildConfiguration;
			buildSettings = {
				ALWAYS_SEARCH_USER_PATHS = NO;
				CLANG_CXX_LANGUAGE_STANDARD = "gnu++0x";
				CLANG_CXX_LIBRARY = "libc++";
				CLANG_ENABLE_MODULES = YES;
				CLANG_ENABLE_OBJC_ARC = YES;
				CLANG_WARN_BOOL_CONVERSION = YES;
				CLANG_WARN_CONSTANT_CONVERSION = YES;
				CLANG_WARN_DIRECT_OBJC_ISA_USAGE = YES_ERROR;
				CLANG_WARN_EMPTY_BODY = YES;
				CLANG_WARN_ENUM_CONVERSION = YES;
				CLANG_WARN_INT_CONVERSION = YES;
				CLANG_WARN_OBJC_ROOT_CLASS = YES_ERROR;
				CLANG_WARN_UNREACHABLE_CODE = YES;
				CLANG_WARN__DUPLICATE_METHOD_MATCH = YES;
				"CODE_SIGN_IDENTITY[sdk=iphoneos*]" = "iPhone Developer";
				COPY_PHASE_STRIP = NO;
				CURRENT_PROJECT_VERSION = 1;
				DEBUG_INFORMATION_FORMAT = dwarf;
				ENABLE_STRICT_OBJC_MSGSEND = YES;
				ENABLE_TESTABILITY = YES;
				GCC_C_LANGUAGE_STANDARD = gnu99;
				GCC_DYNAMIC_NO_PIC = NO;
				GCC_NO_COMMON_BLOCKS = YES;
				GCC_OPTIMIZATION_LEVEL = 0;
				GCC_PREPROCESSOR_DEFINITIONS = (
					"DEBUG=1",
					"$(inherited)",
				);
				GCC_WARN_64_TO_32_BIT_CONVERSION = YES;
				GCC_WARN_ABOUT_RETURN_TYPE = YES_ERROR;
				GCC_WARN_UNDECLARED_SELECTOR = YES;
				GCC_WARN_UNINITIALIZED_AUTOS = YES_AGGRESSIVE;
				GCC_WARN_UNUSED_FUNCTION = YES;
				GCC_WARN_UNUSED_VARIABLE = YES;
				IPHONEOS_DEPLOYMENT_TARGET = 8.0;
				MTL_ENABLE_DEBUG_INFO = YES;
				ONLY_ACTIVE_ARCH = YES;
				SDKROOT = iphoneos;
				SWIFT_INCLUDE_PATHS = "$(SRCROOT)/Vendor/SQLite.swift/SQLite3";
				SWIFT_OPTIMIZATION_LEVEL = "-Onone";
				TARGETED_DEVICE_FAMILY = "1,2";
				VERSIONING_SYSTEM = "apple-generic";
				VERSION_INFO_PREFIX = "";
			};
			name = Debug;
		};
		80EC44AC1C4314EE00BADFB1 /* Release */ = {
			isa = XCBuildConfiguration;
			buildSettings = {
				ALWAYS_SEARCH_USER_PATHS = NO;
				CLANG_CXX_LANGUAGE_STANDARD = "gnu++0x";
				CLANG_CXX_LIBRARY = "libc++";
				CLANG_ENABLE_MODULES = YES;
				CLANG_ENABLE_OBJC_ARC = YES;
				CLANG_WARN_BOOL_CONVERSION = YES;
				CLANG_WARN_CONSTANT_CONVERSION = YES;
				CLANG_WARN_DIRECT_OBJC_ISA_USAGE = YES_ERROR;
				CLANG_WARN_EMPTY_BODY = YES;
				CLANG_WARN_ENUM_CONVERSION = YES;
				CLANG_WARN_INT_CONVERSION = YES;
				CLANG_WARN_OBJC_ROOT_CLASS = YES_ERROR;
				CLANG_WARN_UNREACHABLE_CODE = YES;
				CLANG_WARN__DUPLICATE_METHOD_MATCH = YES;
				"CODE_SIGN_IDENTITY[sdk=iphoneos*]" = "iPhone Developer";
				COPY_PHASE_STRIP = NO;
				CURRENT_PROJECT_VERSION = 1;
				DEBUG_INFORMATION_FORMAT = "dwarf-with-dsym";
				ENABLE_NS_ASSERTIONS = NO;
				ENABLE_STRICT_OBJC_MSGSEND = YES;
				GCC_C_LANGUAGE_STANDARD = gnu99;
				GCC_NO_COMMON_BLOCKS = YES;
				GCC_WARN_64_TO_32_BIT_CONVERSION = YES;
				GCC_WARN_ABOUT_RETURN_TYPE = YES_ERROR;
				GCC_WARN_UNDECLARED_SELECTOR = YES;
				GCC_WARN_UNINITIALIZED_AUTOS = YES_AGGRESSIVE;
				GCC_WARN_UNUSED_FUNCTION = YES;
				GCC_WARN_UNUSED_VARIABLE = YES;
				IPHONEOS_DEPLOYMENT_TARGET = 8.0;
				MTL_ENABLE_DEBUG_INFO = NO;
				SDKROOT = iphoneos;
				SWIFT_INCLUDE_PATHS = "$(SRCROOT)/Vendor/SQLite.swift/SQLite3";
				TARGETED_DEVICE_FAMILY = "1,2";
				VALIDATE_PRODUCT = YES;
				VERSIONING_SYSTEM = "apple-generic";
				VERSION_INFO_PREFIX = "";
			};
			name = Release;
		};
		80EC44AE1C4314EE00BADFB1 /* Debug */ = {
			isa = XCBuildConfiguration;
			buildSettings = {
				APPLICATION_EXTENSION_API_ONLY = YES;
				DEFINES_MODULE = YES;
				DYLIB_COMPATIBILITY_VERSION = 1;
				DYLIB_CURRENT_VERSION = 1;
				DYLIB_INSTALL_NAME_BASE = "@rpath";
				GCC_PREPROCESSOR_DEFINITIONS = (
					"$(inherited)",
					"SQLITE_HAS_CODEC=1",
				);
				HEADER_SEARCH_PATHS = "SQLiteCipher/SQLite/**";
				INFOPLIST_FILE = SQLiteCipher/Info.plist;
				INSTALL_PATH = "$(LOCAL_LIBRARY_DIR)/Frameworks";
				LD_RUNPATH_SEARCH_PATHS = "$(inherited) @executable_path/Frameworks @loader_path/Frameworks";
				PRODUCT_BUNDLE_IDENTIFIER = com.stephencelis.SQLiteCipher;
				PRODUCT_NAME = SQLiteCipher;
				SKIP_INSTALL = YES;
			};
			name = Debug;
		};
		80EC44AF1C4314EE00BADFB1 /* Release */ = {
			isa = XCBuildConfiguration;
			buildSettings = {
				APPLICATION_EXTENSION_API_ONLY = YES;
				DEFINES_MODULE = YES;
				DYLIB_COMPATIBILITY_VERSION = 1;
				DYLIB_CURRENT_VERSION = 1;
				DYLIB_INSTALL_NAME_BASE = "@rpath";
				GCC_PREPROCESSOR_DEFINITIONS = "SQLITE_HAS_CODEC=1";
				HEADER_SEARCH_PATHS = "SQLiteCipher/SQLite/**";
				INFOPLIST_FILE = SQLiteCipher/Info.plist;
				INSTALL_PATH = "$(LOCAL_LIBRARY_DIR)/Frameworks";
				LD_RUNPATH_SEARCH_PATHS = "$(inherited) @executable_path/Frameworks @loader_path/Frameworks";
				PRODUCT_BUNDLE_IDENTIFIER = com.stephencelis.SQLiteCipher;
				PRODUCT_NAME = SQLiteCipher;
				SKIP_INSTALL = YES;
			};
			name = Release;
		};
		80EC44B11C4314EE00BADFB1 /* Debug */ = {
			isa = XCBuildConfiguration;
			buildSettings = {
				INFOPLIST_FILE = SQLiteCipherTests/Info.plist;
				LD_RUNPATH_SEARCH_PATHS = "$(inherited) @executable_path/Frameworks @loader_path/Frameworks";
				PRODUCT_BUNDLE_IDENTIFIER = com.stephencelis.SQLiteCipherTests;
				PRODUCT_NAME = "$(TARGET_NAME)";
			};
			name = Debug;
		};
		80EC44B21C4314EE00BADFB1 /* Release */ = {
			isa = XCBuildConfiguration;
			buildSettings = {
				INFOPLIST_FILE = SQLiteCipherTests/Info.plist;
				LD_RUNPATH_SEARCH_PATHS = "$(inherited) @executable_path/Frameworks @loader_path/Frameworks";
				PRODUCT_BUNDLE_IDENTIFIER = com.stephencelis.SQLiteCipherTests;
				PRODUCT_NAME = "$(TARGET_NAME)";
			};
			name = Release;
		};
/* End XCBuildConfiguration section */

/* Begin XCConfigurationList section */
		80EC44931C4314EE00BADFB1 /* Build configuration list for PBXProject "SQLiteCipher" */ = {
			isa = XCConfigurationList;
			buildConfigurations = (
				80EC44AB1C4314EE00BADFB1 /* Debug */,
				80EC44AC1C4314EE00BADFB1 /* Release */,
			);
			defaultConfigurationIsVisible = 0;
			defaultConfigurationName = Release;
		};
		80EC44AD1C4314EE00BADFB1 /* Build configuration list for PBXNativeTarget "SQLiteCipher iOS" */ = {
			isa = XCConfigurationList;
			buildConfigurations = (
				80EC44AE1C4314EE00BADFB1 /* Debug */,
				80EC44AF1C4314EE00BADFB1 /* Release */,
			);
			defaultConfigurationIsVisible = 0;
			defaultConfigurationName = Release;
		};
		80EC44B01C4314EE00BADFB1 /* Build configuration list for PBXNativeTarget "SQLiteCipherTests" */ = {
			isa = XCConfigurationList;
			buildConfigurations = (
				80EC44B11C4314EE00BADFB1 /* Debug */,
				80EC44B21C4314EE00BADFB1 /* Release */,
			);
			defaultConfigurationIsVisible = 0;
			defaultConfigurationName = Release;
		};
/* End XCConfigurationList section */
	};
	rootObject = 80EC44901C4314EE00BADFB1 /* Project object */;
}
